
Microsoft Visual Studio Solution File, Format Version 12.00
# Visual Studio 15
VisualStudioVersion = 15.0.28307.572
MinimumVisualStudioVersion = 10.0.40219.1
Project("{FAE04EC0-301F-11D3-BF4B-00C04F79EFBC}") = "WpfApp1", "WpfApp1\WpfApp1.csproj", "{76DC7966-3F37-42D8-B72D-60669FE7DC1F}"
EndProject
Global
	GlobalSection(SolutionConfigurationPlatforms) = preSolution
		Debug|Any CPU = Debug|Any CPU
		Release|Any CPU = Release|Any CPU
	EndGlobalSection
	GlobalSection(ProjectConfigurationPlatforms) = postSolution
		{76DC7966-3F37-42D8-B72D-60669FE7DC1F}.Debug|Any CPU.ActiveCfg = Debug|Any CPU
		{76DC7966-3F37-42D8-B72D-60669FE7DC1F}.Debug|Any CPU.Build.0 = Debug|Any CPU
		{76DC7966-3F37-42D8-B72D-60669FE7DC1F}.Release|Any CPU.ActiveCfg = Release|Any CPU
		{76DC7966-3F37-42D8-B72D-60669FE7DC1F}.Release|Any CPU.Build.0 = Release|Any CPU
	EndGlobalSection
	GlobalSection(SolutionProperties) = preSolution
		HideSolutionNode = FALSE
	EndGlobalSection
	GlobalSection(ExtensibilityGlobals) = postSolution
		SolutionGuid = {25A717A5-7D5F-4D7C-9E30-9C649DC47F71}
	EndGlobalSection
EndGlobal
