
Microsoft Visual Studio Solution File, Format Version 12.00
# Visual Studio 15
VisualStudioVersion = 15.0.28307.572
MinimumVisualStudioVersion = 10.0.40219.1
Project("{FAE04EC0-301F-11D3-BF4B-00C04F79EFBC}") = "WpfColorPicker", "WpfColorPicker\WpfColorPicker.csproj", "{A318AD3C-7F0F-4B65-8B34-FD15F0D4F244}"
EndProject
Global
	GlobalSection(SolutionConfigurationPlatforms) = preSolution
		Debug|Any CPU = Debug|Any CPU
		Release|Any CPU = Release|Any CPU
	EndGlobalSection
	GlobalSection(ProjectConfigurationPlatforms) = postSolution
		{A318AD3C-7F0F-4B65-8B34-FD15F0D4F244}.Debug|Any CPU.ActiveCfg = Debug|Any CPU
		{A318AD3C-7F0F-4B65-8B34-FD15F0D4F244}.Debug|Any CPU.Build.0 = Debug|Any CPU
		{A318AD3C-7F0F-4B65-8B34-FD15F0D4F244}.Release|Any CPU.ActiveCfg = Release|Any CPU
		{A318AD3C-7F0F-4B65-8B34-FD15F0D4F244}.Release|Any CPU.Build.0 = Release|Any CPU
	EndGlobalSection
	GlobalSection(SolutionProperties) = preSolution
		HideSolutionNode = FALSE
	EndGlobalSection
	GlobalSection(ExtensibilityGlobals) = postSolution
		SolutionGuid = {F13DE18A-BE55-458F-BC55-EF494E326277}
	EndGlobalSection
EndGlobal
