
Microsoft Visual Studio Solution File, Format Version 12.00
# Visual Studio 15
VisualStudioVersion = 15.0.28307.1145
MinimumVisualStudioVersion = 10.0.40219.1
Project("{FAE04EC0-301F-11D3-BF4B-00C04F79EFBC}") = "WpfCh6TouchEventsSep20", "WpfCh6TouchEventsSep20\WpfCh6TouchEventsSep20.csproj", "{186804BE-DBBA-47C9-96FC-C1EA3361E42B}"
EndProject
Global
	GlobalSection(SolutionConfigurationPlatforms) = preSolution
		Debug|Any CPU = Debug|Any CPU
		Release|Any CPU = Release|Any CPU
	EndGlobalSection
	GlobalSection(ProjectConfigurationPlatforms) = postSolution
		{186804BE-DBBA-47C9-96FC-C1EA3361E42B}.Debug|Any CPU.ActiveCfg = Debug|Any CPU
		{186804BE-DBBA-47C9-96FC-C1EA3361E42B}.Debug|Any CPU.Build.0 = Debug|Any CPU
		{186804BE-DBBA-47C9-96FC-C1EA3361E42B}.Release|Any CPU.ActiveCfg = Release|Any CPU
		{186804BE-DBBA-47C9-96FC-C1EA3361E42B}.Release|Any CPU.Build.0 = Release|Any CPU
	EndGlobalSection
	GlobalSection(SolutionProperties) = preSolution
		HideSolutionNode = FALSE
	EndGlobalSection
	GlobalSection(ExtensibilityGlobals) = postSolution
		SolutionGuid = {EF7DA1E5-93D6-4192-90E4-96DA5133F1BA}
	EndGlobalSection
EndGlobal
