
Microsoft Visual Studio Solution File, Format Version 12.00
# Visual Studio 15
VisualStudioVersion = 15.0.28307.1145
MinimumVisualStudioVersion = 10.0.40219.1
Project("{FAE04EC0-301F-11D3-BF4B-00C04F79EFBC}") = "WpfToolPanesAug20", "WpfToolPanesAug20\WpfToolPanesAug20.csproj", "{70D72D14-9EEC-4952-8DA2-35E76D76F559}"
EndProject
Global
	GlobalSection(SolutionConfigurationPlatforms) = preSolution
		Debug|Any CPU = Debug|Any CPU
		Release|Any CPU = Release|Any CPU
	EndGlobalSection
	GlobalSection(ProjectConfigurationPlatforms) = postSolution
		{70D72D14-9EEC-4952-8DA2-35E76D76F559}.Debug|Any CPU.ActiveCfg = Debug|Any CPU
		{70D72D14-9EEC-4952-8DA2-35E76D76F559}.Debug|Any CPU.Build.0 = Debug|Any CPU
		{70D72D14-9EEC-4952-8DA2-35E76D76F559}.Release|Any CPU.ActiveCfg = Release|Any CPU
		{70D72D14-9EEC-4952-8DA2-35E76D76F559}.Release|Any CPU.Build.0 = Release|Any CPU
	EndGlobalSection
	GlobalSection(SolutionProperties) = preSolution
		HideSolutionNode = FALSE
	EndGlobalSection
	GlobalSection(ExtensibilityGlobals) = postSolution
		SolutionGuid = {C424F938-21B3-473F-BB7D-9F0CCC96124A}
	EndGlobalSection
EndGlobal
